
Microsoft Visual Studio Solution File, Format Version 12.00
# Visual Studio Version 16
VisualStudioVersion = 16.0.31424.327
MinimumVisualStudioVersion = 10.0.40219.1
Project("{FAE04EC0-301F-11D3-BF4B-00C04F79EFBC}") = "TestArea", "TestArea\TestArea.csproj", "{C6E2F6D6-204D-4A26-BA29-3E097CDB1AEE}"
EndProject
Global
	GlobalSection(SolutionConfigurationPlatforms) = preSolution
		Debug|Any CPU = Debug|Any CPU
		Release|Any CPU = Release|Any CPU
	EndGlobalSection
	GlobalSection(ProjectConfigurationPlatforms) = postSolution
		{C6E2F6D6-204D-4A26-BA29-3E097CDB1AEE}.Debug|Any CPU.ActiveCfg = Debug|Any CPU
		{C6E2F6D6-204D-4A26-BA29-3E097CDB1AEE}.Debug|Any CPU.Build.0 = Debug|Any CPU
		{C6E2F6D6-204D-4A26-BA29-3E097CDB1AEE}.Release|Any CPU.ActiveCfg = Release|Any CPU
		{C6E2F6D6-204D-4A26-BA29-3E097CDB1AEE}.Release|Any CPU.Build.0 = Release|Any CPU
	EndGlobalSection
	GlobalSection(SolutionProperties) = preSolution
		HideSolutionNode = FALSE
	EndGlobalSection
	GlobalSection(ExtensibilityGlobals) = postSolution
		SolutionGuid = {BD792446-E6BF-4A8B-A259-540C05F69663}
	EndGlobalSection
EndGlobal
