
Microsoft Visual Studio Solution File, Format Version 12.00
# Visual Studio Version 16
VisualStudioVersion = 16.0.31613.86
MinimumVisualStudioVersion = 10.0.40219.1
Project("{FAE04EC0-301F-11D3-BF4B-00C04F79EFBC}") = "Portfolio.Server", "Portfolio\Server\Portfolio.Server.csproj", "{3E0D1585-6D37-46A5-A35A-9E6D5CA3124A}"
EndProject
Project("{FAE04EC0-301F-11D3-BF4B-00C04F79EFBC}") = "Portfolio.Client", "Portfolio\Client\Portfolio.Client.csproj", "{D2E05086-595D-4C47-B1E0-EAF94F075264}"
EndProject
Project("{FAE04EC0-301F-11D3-BF4B-00C04F79EFBC}") = "Portfolio.Shared", "Portfolio\Shared\Portfolio.Shared.csproj", "{9D648DD2-359E-465D-B419-B3367401E9A1}"
EndProject
Global
	GlobalSection(SolutionConfigurationPlatforms) = preSolution
		Debug|Any CPU = Debug|Any CPU
		Release|Any CPU = Release|Any CPU
	EndGlobalSection
	GlobalSection(ProjectConfigurationPlatforms) = postSolution
		{3E0D1585-6D37-46A5-A35A-9E6D5CA3124A}.Debug|Any CPU.ActiveCfg = Debug|Any CPU
		{3E0D1585-6D37-46A5-A35A-9E6D5CA3124A}.Debug|Any CPU.Build.0 = Debug|Any CPU
		{3E0D1585-6D37-46A5-A35A-9E6D5CA3124A}.Release|Any CPU.ActiveCfg = Release|Any CPU
		{3E0D1585-6D37-46A5-A35A-9E6D5CA3124A}.Release|Any CPU.Build.0 = Release|Any CPU
		{D2E05086-595D-4C47-B1E0-EAF94F075264}.Debug|Any CPU.ActiveCfg = Debug|Any CPU
		{D2E05086-595D-4C47-B1E0-EAF94F075264}.Debug|Any CPU.Build.0 = Debug|Any CPU
		{D2E05086-595D-4C47-B1E0-EAF94F075264}.Release|Any CPU.ActiveCfg = Release|Any CPU
		{D2E05086-595D-4C47-B1E0-EAF94F075264}.Release|Any CPU.Build.0 = Release|Any CPU
		{9D648DD2-359E-465D-B419-B3367401E9A1}.Debug|Any CPU.ActiveCfg = Debug|Any CPU
		{9D648DD2-359E-465D-B419-B3367401E9A1}.Debug|Any CPU.Build.0 = Debug|Any CPU
		{9D648DD2-359E-465D-B419-B3367401E9A1}.Release|Any CPU.ActiveCfg = Release|Any CPU
		{9D648DD2-359E-465D-B419-B3367401E9A1}.Release|Any CPU.Build.0 = Release|Any CPU
	EndGlobalSection
	GlobalSection(SolutionProperties) = preSolution
		HideSolutionNode = FALSE
	EndGlobalSection
	GlobalSection(ExtensibilityGlobals) = postSolution
		SolutionGuid = {562D8250-BA10-4F48-A97B-D3CFF95A0B4D}
	EndGlobalSection
EndGlobal
