
Microsoft Visual Studio Solution File, Format Version 12.00
# Visual Studio Version 16
VisualStudioVersion = 16.0.31424.327
MinimumVisualStudioVersion = 10.0.40219.1
Project("{FAE04EC0-301F-11D3-BF4B-00C04F79EFBC}") = "Math-Trainer", "Math-Trainer\Math-Trainer.csproj", "{6C8DD91D-77E6-4967-BAF4-62EC8F3A4925}"
EndProject
Global
	GlobalSection(SolutionConfigurationPlatforms) = preSolution
		Debug|Any CPU = Debug|Any CPU
		Release|Any CPU = Release|Any CPU
	EndGlobalSection
	GlobalSection(ProjectConfigurationPlatforms) = postSolution
		{6C8DD91D-77E6-4967-BAF4-62EC8F3A4925}.Debug|Any CPU.ActiveCfg = Debug|Any CPU
		{6C8DD91D-77E6-4967-BAF4-62EC8F3A4925}.Debug|Any CPU.Build.0 = Debug|Any CPU
		{6C8DD91D-77E6-4967-BAF4-62EC8F3A4925}.Release|Any CPU.ActiveCfg = Release|Any CPU
		{6C8DD91D-77E6-4967-BAF4-62EC8F3A4925}.Release|Any CPU.Build.0 = Release|Any CPU
	EndGlobalSection
	GlobalSection(SolutionProperties) = preSolution
		HideSolutionNode = FALSE
	EndGlobalSection
	GlobalSection(ExtensibilityGlobals) = postSolution
		SolutionGuid = {F581CABB-61DD-4770-AE76-DCBD99DA908A}
	EndGlobalSection
EndGlobal
