
Microsoft Visual Studio Solution File, Format Version 12.00
# Visual Studio Version 16
VisualStudioVersion = 16.0.31402.337
MinimumVisualStudioVersion = 10.0.40219.1
Project("{FAE04EC0-301F-11D3-BF4B-00C04F79EFBC}") = "MathTrainer", "MathTrainer\MathTrainer.csproj", "{FD830D00-E5CD-4D45-AABA-9DB742AE34A9}"
EndProject
Global
	GlobalSection(SolutionConfigurationPlatforms) = preSolution
		Debug|Any CPU = Debug|Any CPU
		Release|Any CPU = Release|Any CPU
	EndGlobalSection
	GlobalSection(ProjectConfigurationPlatforms) = postSolution
		{FD830D00-E5CD-4D45-AABA-9DB742AE34A9}.Debug|Any CPU.ActiveCfg = Debug|Any CPU
		{FD830D00-E5CD-4D45-AABA-9DB742AE34A9}.Debug|Any CPU.Build.0 = Debug|Any CPU
		{FD830D00-E5CD-4D45-AABA-9DB742AE34A9}.Release|Any CPU.ActiveCfg = Release|Any CPU
		{FD830D00-E5CD-4D45-AABA-9DB742AE34A9}.Release|Any CPU.Build.0 = Release|Any CPU
	EndGlobalSection
	GlobalSection(SolutionProperties) = preSolution
		HideSolutionNode = FALSE
	EndGlobalSection
	GlobalSection(ExtensibilityGlobals) = postSolution
		SolutionGuid = {DA83A199-799A-45D6-B0A3-FC6ABEC3F406}
	EndGlobalSection
EndGlobal
