
Microsoft Visual Studio Solution File, Format Version 12.00
# Visual Studio Version 17
VisualStudioVersion = 17.0.31521.260
MinimumVisualStudioVersion = 10.0.40219.1
Project("{FAE04EC0-301F-11D3-BF4B-00C04F79EFBC}") = "BodyMassIndex", "BodyMassIndex\BodyMassIndex.csproj", "{B40E7370-3C26-4D62-A44A-A4DCA074729F}"
EndProject
Global
	GlobalSection(SolutionConfigurationPlatforms) = preSolution
		Debug|Any CPU = Debug|Any CPU
		Release|Any CPU = Release|Any CPU
	EndGlobalSection
	GlobalSection(ProjectConfigurationPlatforms) = postSolution
		{B40E7370-3C26-4D62-A44A-A4DCA074729F}.Debug|Any CPU.ActiveCfg = Debug|Any CPU
		{B40E7370-3C26-4D62-A44A-A4DCA074729F}.Debug|Any CPU.Build.0 = Debug|Any CPU
		{B40E7370-3C26-4D62-A44A-A4DCA074729F}.Release|Any CPU.ActiveCfg = Release|Any CPU
		{B40E7370-3C26-4D62-A44A-A4DCA074729F}.Release|Any CPU.Build.0 = Release|Any CPU
	EndGlobalSection
	GlobalSection(SolutionProperties) = preSolution
		HideSolutionNode = FALSE
	EndGlobalSection
	GlobalSection(ExtensibilityGlobals) = postSolution
		SolutionGuid = {3571F49C-613F-4B19-BDA2-A625BE15524F}
	EndGlobalSection
EndGlobal
